github.com/pkg/errors v0.9.1 h1:FEBLx1zS214owpjy7qsBeixbURkuhQAwrK5UwLGTwt4=
github.com/pkg/errors v0.9.1/go.mod h1:bwawxfHBFNV+L2hUp1rHADufV3IMtnDRdf1r5NINEl0=
github.com/spiral/goridge v1.0.4 h1:qnYtI84H0tcYjcbFdFl/VUFQZ0YUE9p+VuU8In4kC/8=
github.com/spiral/goridge v2.1.4+incompatible h1:L15TKrbPEp/G6JfS3jjuvY6whkhfD292XX+1iy9mO2k=
github.com/spiral/goridge v2.1.4+incompatible/go.mod h1:prfLTN9qOpQxO6dtfCMJZ+uguUdCxb/ntS8ML/s5U2U=
